PATH
  remote: /home/pglombardo/Projects/oboe-ruby
  specs:
    traceview (3.0.1)
      json

GEM
  remote: https://rubygems.org/
  specs:
    actionmailer (2.3.18)
      actionpack (= 2.3.18)
    actionpack (2.3.18)
      activesupport (= 2.3.18)
      rack (~> 1.1.0)
    activerecord (2.3.18)
      activesupport (= 2.3.18)
    activeresource (2.3.18)
      activesupport (= 2.3.18)
    activesupport (2.3.18)
    ansi (1.5.0)
    backports (3.6.4)
    bson (3.0.4)
    builder (3.2.2)
    json (1.8.3)
    minitest (5.7.0)
    minitest-debugger (1.0.3)
      minitest (~> 5.0)
    minitest-reporters (1.0.17)
      ansi
      builder
      minitest (>= 5.0)
      ruby-progressbar
    puma (2.11.3)
      rack (>= 1.1, < 2.0)
    rack (1.1.6)
    rack-test (0.6.3)
      rack (>= 1.0)
    rails (2.3.18)
      actionmailer (= 2.3.18)
      actionpack (= 2.3.18)
      activerecord (= 2.3.18)
      activeresource (= 2.3.18)
      activesupport (= 2.3.18)
      rake (>= 0.8.3)
    rake (10.4.2)
    ruby-progressbar (1.7.5)
    sinatra (1.2.9)
      backports
      rack (~> 1.1, < 1.5)
      tilt (>= 1.2.2, < 2.0)
    tilt (1.4.1)

PLATFORMS
  ruby

DEPENDENCIES
  bson
  minitest
  minitest-debugger
  minitest-reporters
  puma
  rack-test
  rails (~> 2.3)
  rake
  sinatra
  traceview!
